// !$*UTF8*$!
{
	archiveVersion = 1;
	classes = {
	};
	objectVersion = 52;
	objects = {

/* Begin PBXBuildFile section */
		273C849E25AB5C5A00373A85 /* Forms.framework in Frameworks */ = {isa = PBXBuildFile; fileRef = 273C849425AB5C5A00373A85 /* Forms.framework */; };
		273C84A325AB5C5A00373A85 /* FormsTests.swift in Sources */ = {isa = PBXBuildFile; fileRef = 273C84A225AB5C5A00373A85 /* FormsTests.swift */; };
		273C84A525AB5C5A00373A85 /* Forms.h in Headers */ = {isa = PBXBuildFile; fileRef = 273C849725AB5C5A00373A85 /* Forms.h */; settings = {ATTRIBUTES = (Public, ); }; };
		276B021625AB614800D67A7D /* Elements in Frameworks */ = {isa = PBXBuildFile; productRef = 276B021525AB614800D67A7D /* Elements */; };
		276B022425AB631C00D67A7D /* TableViewCells.swift in Sources */ = {isa = PBXBuildFile; fileRef = 276B022325AB631C00D67A7D /* TableViewCells.swift */; };
/* End PBXBuildFile section */

/* Begin PBXContainerItemProxy section */
		273C849F25AB5C5A00373A85 /* PBXContainerItemProxy */ = {
			isa = PBXContainerItemProxy;
			containerPortal = 273C848B25AB5C5A00373A85 /* Project object */;
			proxyType = 1;
			remoteGlobalIDString = 273C849325AB5C5A00373A85;
			remoteInfo = Forms;
		};
/* End PBXContainerItemProxy section */

/* Begin PBXFileReference section */
		273C849425AB5C5A00373A85 /* Forms.framework */ = {isa = PBXFileReference; explicitFileType = wrapper.framework; includeInIndex = 0; path = Forms.framework; sourceTree = BUILT_PRODUCTS_DIR; };
		273C849725AB5C5A00373A85 /* Forms.h */ = {isa = PBXFileReference; lastKnownFileType = sourcecode.c.h; path = Forms.h; sourceTree = "<group>"; };
		273C849825AB5C5A00373A85 /* Info.plist */ = {isa = PBXFileReference; lastKnownFileType = text.plist.xml; path = Info.plist; sourceTree = "<group>"; };
		273C849D25AB5C5A00373A85 /* FormsTests.xctest */ = {isa = PBXFileReference; explicitFileType = wrapper.cfbundle; includeInIndex = 0; path = FormsTests.xctest; sourceTree = BUILT_PRODUCTS_DIR; };
		273C84A225AB5C5A00373A85 /* FormsTests.swift */ = {isa = PBXFileReference; lastKnownFileType = sourcecode.swift; path = FormsTests.swift; sourceTree = "<group>"; };
		273C84A425AB5C5A00373A85 /* Info.plist */ = {isa = PBXFileReference; lastKnownFileType = text.plist.xml; path = Info.plist; sourceTree = "<group>"; };
		276B022325AB631C00D67A7D /* TableViewCells.swift */ = {isa = PBXFileReference; lastKnownFileType = sourcecode.swift; path = TableViewCells.swift; sourceTree = "<group>"; };
/* End PBXFileReference section */

/* Begin PBXFrameworksBuildPhase section */
		273C849125AB5C5A00373A85 /* Frameworks */ = {
			isa = PBXFrameworksBuildPhase;
			buildActionMask = 2147483647;
			files = (
				276B021625AB614800D67A7D /* Elements in Frameworks */,
			);
			runOnlyForDeploymentPostprocessing = 0;
		};
		273C849A25AB5C5A00373A85 /* Frameworks */ = {
			isa = PBXFrameworksBuildPhase;
			buildActionMask = 2147483647;
			files = (
				273C849E25AB5C5A00373A85 /* Forms.framework in Frameworks */,
			);
			runOnlyForDeploymentPostprocessing = 0;
		};
/* End PBXFrameworksBuildPhase section */

/* Begin PBXGroup section */
		273C848A25AB5C5A00373A85 = {
			isa = PBXGroup;
			children = (
				273C849625AB5C5A00373A85 /* Sources */,
				273C84A125AB5C5A00373A85 /* Tests */,
				273C849525AB5C5A00373A85 /* Products */,
			);
			sourceTree = "<group>";
		};
		273C849525AB5C5A00373A85 /* Products */ = {
			isa = PBXGroup;
			children = (
				273C849425AB5C5A00373A85 /* Forms.framework */,
				273C849D25AB5C5A00373A85 /* FormsTests.xctest */,
			);
			name = Products;
			sourceTree = "<group>";
		};
		273C849625AB5C5A00373A85 /* Sources */ = {
			isa = PBXGroup;
			children = (
				276B022225AB62FC00D67A7D /* Cells */,
				273C849725AB5C5A00373A85 /* Forms.h */,
				273C849825AB5C5A00373A85 /* Info.plist */,
			);
			path = Sources;
			sourceTree = "<group>";
		};
		273C84A125AB5C5A00373A85 /* Tests */ = {
			isa = PBXGroup;
			children = (
				273C84A225AB5C5A00373A85 /* FormsTests.swift */,
				273C84A425AB5C5A00373A85 /* Info.plist */,
			);
			path = Tests;
			sourceTree = "<group>";
		};
		276B022225AB62FC00D67A7D /* Cells */ = {
			isa = PBXGroup;
			children = (
				276B022325AB631C00D67A7D /* TableViewCells.swift */,
			);
			path = Cells;
			sourceTree = "<group>";
		};
/* End PBXGroup section */

/* Begin PBXHeadersBuildPhase section */
		273C848F25AB5C5A00373A85 /* Headers */ = {
			isa = PBXHeadersBuildPhase;
			buildActionMask = 2147483647;
			files = (
				273C84A525AB5C5A00373A85 /* Forms.h in Headers */,
			);
			runOnlyForDeploymentPostprocessing = 0;
		};
/* End PBXHeadersBuildPhase section */

/* Begin PBXNativeTarget section */
		273C849325AB5C5A00373A85 /* Forms */ = {
			isa = PBXNativeTarget;
			buildConfigurationList = 273C84A825AB5C5A00373A85 /* Build configuration list for PBXNativeTarget "Forms" */;
			buildPhases = (
				273C848F25AB5C5A00373A85 /* Headers */,
				273C849025AB5C5A00373A85 /* Sources */,
				273C849125AB5C5A00373A85 /* Frameworks */,
				273C849225AB5C5A00373A85 /* Resources */,
			);
			buildRules = (
			);
			dependencies = (
			);
			name = Forms;
			packageProductDependencies = (
				276B021525AB614800D67A7D /* Elements */,
			);
			productName = Forms;
			productReference = 273C849425AB5C5A00373A85 /* Forms.framework */;
			productType = "com.apple.product-type.framework";
		};
		273C849C25AB5C5A00373A85 /* FormsTests */ = {
			isa = PBXNativeTarget;
			buildConfigurationList = 273C84AB25AB5C5A00373A85 /* Build configuration list for PBXNativeTarget "FormsTests" */;
			buildPhases = (
				273C849925AB5C5A00373A85 /* Sources */,
				273C849A25AB5C5A00373A85 /* Frameworks */,
				273C849B25AB5C5A00373A85 /* Resources */,
			);
			buildRules = (
			);
			dependencies = (
				273C84A025AB5C5A00373A85 /* PBXTargetDependency */,
			);
			name = FormsTests;
			productName = FormsTests;
			productReference = 273C849D25AB5C5A00373A85 /* FormsTests.xctest */;
			productType = "com.apple.product-type.bundle.unit-test";
		};
/* End PBXNativeTarget section */

/* Begin PBXProject section */
		273C848B25AB5C5A00373A85 /* Project object */ = {
			isa = PBXProject;
			attributes = {
				LastSwiftUpdateCheck = 1230;
				LastUpgradeCheck = 1230;
				TargetAttributes = {
					273C849325AB5C5A00373A85 = {
						CreatedOnToolsVersion = 12.3;
						LastSwiftMigration = 1230;
					};
					273C849C25AB5C5A00373A85 = {
						CreatedOnToolsVersion = 12.3;
					};
				};
			};
			buildConfigurationList = 273C848E25AB5C5A00373A85 /* Build configuration list for PBXProject "Forms" */;
			compatibilityVersion = "Xcode 9.3";
			developmentRegion = en;
			hasScannedForEncodings = 0;
			knownRegions = (
				en,
				Base,
			);
			mainGroup = 273C848A25AB5C5A00373A85;
			packageReferences = (
				276B021425AB614800D67A7D /* XCRemoteSwiftPackageReference "elements" */,
			);
			productRefGroup = 273C849525AB5C5A00373A85 /* Products */;
			projectDirPath = "";
			projectRoot = "";
			targets = (
				273C849325AB5C5A00373A85 /* Forms */,
				273C849C25AB5C5A00373A85 /* FormsTests */,
			);
		};
/* End PBXProject section */

/* Begin PBXResourcesBuildPhase section */
		273C849225AB5C5A00373A85 /* Resources */ = {
			isa = PBXResourcesBuildPhase;
			buildActionMask = 2147483647;
			files = (
			);
			runOnlyForDeploymentPostprocessing = 0;
		};
		273C849B25AB5C5A00373A85 /* Resources */ = {
			isa = PBXResourcesBuildPhase;
			buildActionMask = 2147483647;
			files = (
			);
			runOnlyForDeploymentPostprocessing = 0;
		};
/* End PBXResourcesBuildPhase section */

/* Begin PBXSourcesBuildPhase section */
		273C849025AB5C5A00373A85 /* Sources */ = {
			isa = PBXSourcesBuildPhase;
			buildActionMask = 2147483647;
			files = (
				276B022425AB631C00D67A7D /* TableViewCells.swift in Sources */,
			);
			runOnlyForDeploymentPostprocessing = 0;
		};
		273C849925AB5C5A00373A85 /* Sources */ = {
			isa = PBXSourcesBuildPhase;
			buildActionMask = 2147483647;
			files = (
				273C84A325AB5C5A00373A85 /* FormsTests.swift in Sources */,
			);
			runOnlyForDeploymentPostprocessing = 0;
		};
/* End PBXSourcesBuildPhase section */

/* Begin PBXTargetDependency section */
		273C84A025AB5C5A00373A85 /* PBXTargetDependency */ = {
			isa = PBXTargetDependency;
			target = 273C849325AB5C5A00373A85 /* Forms */;
			targetProxy = 273C849F25AB5C5A00373A85 /* PBXContainerItemProxy */;
		};
/* End PBXTargetDependency section */

/* Begin XCBuildConfiguration section */
		273C84A625AB5C5A00373A85 /* Debug */ = {
			isa = XCBuildConfiguration;
			buildSettings = {
				ALWAYS_SEARCH_USER_PATHS = NO;
				CLANG_ANALYZER_NONNULL = YES;
				CLANG_ANALYZER_NUMBER_OBJECT_CONVERSION = YES_AGGRESSIVE;
				CLANG_CXX_LANGUAGE_STANDARD = "gnu++14";
				CLANG_CXX_LIBRARY = "libc++";
				CLANG_ENABLE_MODULES = YES;
				CLANG_ENABLE_OBJC_ARC = YES;
				CLANG_ENABLE_OBJC_WEAK = YES;
				CLANG_WARN_BLOCK_CAPTURE_AUTORELEASING = YES;
				CLANG_WARN_BOOL_CONVERSION = YES;
				CLANG_WARN_COMMA = YES;
				CLANG_WARN_CONSTANT_CONVERSION = YES;
				CLANG_WARN_DEPRECATED_OBJC_IMPLEMENTATIONS = YES;
				CLANG_WARN_DIRECT_OBJC_ISA_USAGE = YES_ERROR;
				CLANG_WARN_DOCUMENTATION_COMMENTS = YES;
				CLANG_WARN_EMPTY_BODY = YES;
				CLANG_WARN_ENUM_CONVERSION = YES;
				CLANG_WARN_INFINITE_RECURSION = YES;
				CLANG_WARN_INT_CONVERSION = YES;
				CLANG_WARN_NON_LITERAL_NULL_CONVERSION = YES;
				CLANG_WARN_OBJC_IMPLICIT_RETAIN_SELF = YES;
				CLANG_WARN_OBJC_LITERAL_CONVERSION = YES;
				CLANG_WARN_OBJC_ROOT_CLASS = YES_ERROR;
				CLANG_WARN_QUOTED_INCLUDE_IN_FRAMEWORK_HEADER = YES;
				CLANG_WARN_RANGE_LOOP_ANALYSIS = YES;
				CLANG_WARN_STRICT_PROTOTYPES = YES;
				CLANG_WARN_SUSPICIOUS_MOVE = YES;
				CLANG_WARN_UNGUARDED_AVAILABILITY = YES_AGGRESSIVE;
				CLANG_WARN_UNREACHABLE_CODE = YES;
				CLANG_WARN__DUPLICATE_METHOD_MATCH = YES;
				COPY_PHASE_STRIP = NO;
				CURRENT_PROJECT_VERSION = 1;
				DEBUG_INFORMATION_FORMAT = dwarf;
				ENABLE_STRICT_OBJC_MSGSEND = YES;
				ENABLE_TESTABILITY = YES;
				GCC_C_LANGUAGE_STANDARD = gnu11;
				GCC_DYNAMIC_NO_PIC = NO;
				GCC_NO_COMMON_BLOCKS = YES;
				GCC_OPTIMIZATION_LEVEL = 0;
				GCC_PREPROCESSOR_DEFINITIONS = (
					"DEBUG=1",
					"$(inherited)",
				);
				GCC_WARN_64_TO_32_BIT_CONVERSION = YES;
				GCC_WARN_ABOUT_RETURN_TYPE = YES_ERROR;
				GCC_WARN_UNDECLARED_SELECTOR = YES;
				GCC_WARN_UNINITIALIZED_AUTOS = YES_AGGRESSIVE;
				GCC_WARN_UNUSED_FUNCTION = YES;
				GCC_WARN_UNUSED_VARIABLE = YES;
				IPHONEOS_DEPLOYMENT_TARGET = 12.0;
				MTL_ENABLE_DEBUG_INFO = INCLUDE_SOURCE;
				MTL_FAST_MATH = YES;
				ONLY_ACTIVE_ARCH = YES;
				SDKROOT = iphoneos;
				SWIFT_ACTIVE_COMPILATION_CONDITIONS = DEBUG;
				SWIFT_OPTIMIZATION_LEVEL = "-Onone";
				VERSIONING_SYSTEM = "apple-generic";
				VERSION_INFO_PREFIX = "";
			};
			name = Debug;
		};
		273C84A725AB5C5A00373A85 /* Release */ = {
			isa = XCBuildConfiguration;
			buildSettings = {
				ALWAYS_SEARCH_USER_PATHS = NO;
				CLANG_ANALYZER_NONNULL = YES;
				CLANG_ANALYZER_NUMBER_OBJECT_CONVERSION = YES_AGGRESSIVE;
				CLANG_CXX_LANGUAGE_STANDARD = "gnu++14";
				CLANG_CXX_LIBRARY = "libc++";
				CLANG_ENABLE_MODULES = YES;
				CLANG_ENABLE_OBJC_ARC = YES;
				CLANG_ENABLE_OBJC_WEAK = YES;
				CLANG_WARN_BLOCK_CAPTURE_AUTORELEASING = YES;
				CLANG_WARN_BOOL_CONVERSION = YES;
				CLANG_WARN_COMMA = YES;
				CLANG_WARN_CONSTANT_CONVERSION = YES;
				CLANG_WARN_DEPRECATED_OBJC_IMPLEMENTATIONS = YES;
				CLANG_WARN_DIRECT_OBJC_ISA_USAGE = YES_ERROR;
				CLANG_WARN_DOCUMENTATION_COMMENTS = YES;
				CLANG_WARN_EMPTY_BODY = YES;
				CLANG_WARN_ENUM_CONVERSION = YES;
				CLANG_WARN_INFINITE_RECURSION = YES;
				CLANG_WARN_INT_CONVERSION = YES;
				CLANG_WARN_NON_LITERAL_NULL_CONVERSION = YES;
				CLANG_WARN_OBJC_IMPLICIT_RETAIN_SELF = YES;
				CLANG_WARN_OBJC_LITERAL_CONVERSION = YES;
				CLANG_WARN_OBJC_ROOT_CLASS = YES_ERROR;
				CLANG_WARN_QUOTED_INCLUDE_IN_FRAMEWORK_HEADER = YES;
				CLANG_WARN_RANGE_LOOP_ANALYSIS = YES;
				CLANG_WARN_STRICT_PROTOTYPES = YES;
				CLANG_WARN_SUSPICIOUS_MOVE = YES;
				CLANG_WARN_UNGUARDED_AVAILABILITY = YES_AGGRESSIVE;
				CLANG_WARN_UNREACHABLE_CODE = YES;
				CLANG_WARN__DUPLICATE_METHOD_MATCH = YES;
				COPY_PHASE_STRIP = NO;
				CURRENT_PROJECT_VERSION = 1;
				DEBUG_INFORMATION_FORMAT = "dwarf-with-dsym";
				ENABLE_NS_ASSERTIONS = NO;
				ENABLE_STRICT_OBJC_MSGSEND = YES;
				GCC_C_LANGUAGE_STANDARD = gnu11;
				GCC_NO_COMMON_BLOCKS = YES;
				GCC_WARN_64_TO_32_BIT_CONVERSION = YES;
				GCC_WARN_ABOUT_RETURN_TYPE = YES_ERROR;
				GCC_WARN_UNDECLARED_SELECTOR = YES;
				GCC_WARN_UNINITIALIZED_AUTOS = YES_AGGRESSIVE;
				GCC_WARN_UNUSED_FUNCTION = YES;
				GCC_WARN_UNUSED_VARIABLE = YES;
				IPHONEOS_DEPLOYMENT_TARGET = 12.0;
				MTL_ENABLE_DEBUG_INFO = NO;
				MTL_FAST_MATH = YES;
				SDKROOT = iphoneos;
				SWIFT_COMPILATION_MODE = wholemodule;
				SWIFT_OPTIMIZATION_LEVEL = "-O";
				VALIDATE_PRODUCT = YES;
				VERSIONING_SYSTEM = "apple-generic";
				VERSION_INFO_PREFIX = "";
			};
			name = Release;
		};
		273C84A925AB5C5A00373A85 /* Debug */ = {
			isa = XCBuildConfiguration;
			buildSettings = {
				CLANG_ENABLE_MODULES = YES;
				CODE_SIGN_STYLE = Automatic;
				DEFINES_MODULE = YES;
				DYLIB_COMPATIBILITY_VERSION = 1;
				DYLIB_CURRENT_VERSION = 1;
				DYLIB_INSTALL_NAME_BASE = "@rpath";
				INFOPLIST_FILE = Sources/Info.plist;
				INSTALL_PATH = "$(LOCAL_LIBRARY_DIR)/Frameworks";
				LD_RUNPATH_SEARCH_PATHS = (
					"$(inherited)",
					"@executable_path/Frameworks",
					"@loader_path/Frameworks",
				);
				PRODUCT_BUNDLE_IDENTIFIER = joachim.kret.Forms;
				PRODUCT_NAME = "$(TARGET_NAME:c99extidentifier)";
				SKIP_INSTALL = YES;
				SUPPORTS_MACCATALYST = NO;
				SWIFT_OPTIMIZATION_LEVEL = "-Onone";
				SWIFT_VERSION = 5.0;
				TARGETED_DEVICE_FAMILY = "1,2";
			};
			name = Debug;
		};
		273C84AA25AB5C5A00373A85 /* Release */ = {
			isa = XCBuildConfiguration;
			buildSettings = {
				CLANG_ENABLE_MODULES = YES;
				CODE_SIGN_STYLE = Automatic;
				DEFINES_MODULE = YES;
				DYLIB_COMPATIBILITY_VERSION = 1;
				DYLIB_CURRENT_VERSION = 1;
				DYLIB_INSTALL_NAME_BASE = "@rpath";
				INFOPLIST_FILE = Sources/Info.plist;
				INSTALL_PATH = "$(LOCAL_LIBRARY_DIR)/Frameworks";
				LD_RUNPATH_SEARCH_PATHS = (
					"$(inherited)",
					"@executable_path/Frameworks",
					"@loader_path/Frameworks",
				);
				PRODUCT_BUNDLE_IDENTIFIER = joachim.kret.Forms;
				PRODUCT_NAME = "$(TARGET_NAME:c99extidentifier)";
				SKIP_INSTALL = YES;
				SUPPORTS_MACCATALYST = NO;
				SWIFT_VERSION = 5.0;
				TARGETED_DEVICE_FAMILY = "1,2";
			};
			name = Release;
		};
		273C84AC25AB5C5A00373A85 /* Debug */ = {
			isa = XCBuildConfiguration;
			buildSettings = {
				ALWAYS_EMBED_SWIFT_STANDARD_LIBRARIES = YES;
				CODE_SIGN_STYLE = Automatic;
				INFOPLIST_FILE = Tests/Info.plist;
				LD_RUNPATH_SEARCH_PATHS = (
					"$(inherited)",
					"@executable_path/Frameworks",
					"@loader_path/Frameworks",
				);
				PRODUCT_BUNDLE_IDENTIFIER = joachim.kret.FormsTests;
				PRODUCT_NAME = "$(TARGET_NAME)";
				SWIFT_VERSION = 5.0;
				TARGETED_DEVICE_FAMILY = "1,2";
			};
			name = Debug;
		};
		273C84AD25AB5C5A00373A85 /* Release */ = {
			isa = XCBuildConfiguration;
			buildSettings = {
				ALWAYS_EMBED_SWIFT_STANDARD_LIBRARIES = YES;
				CODE_SIGN_STYLE = Automatic;
				INFOPLIST_FILE = Tests/Info.plist;
				LD_RUNPATH_SEARCH_PATHS = (
					"$(inherited)",
					"@executable_path/Frameworks",
					"@loader_path/Frameworks",
				);
				PRODUCT_BUNDLE_IDENTIFIER = joachim.kret.FormsTests;
				PRODUCT_NAME = "$(TARGET_NAME)";
				SWIFT_VERSION = 5.0;
				TARGETED_DEVICE_FAMILY = "1,2";
			};
			name = Release;
		};
/* End XCBuildConfiguration section */

/* Begin XCConfigurationList section */
		273C848E25AB5C5A00373A85 /* Build configuration list for PBXProject "Forms" */ = {
			isa = XCConfigurationList;
			buildConfigurations = (
				273C84A625AB5C5A00373A85 /* Debug */,
				273C84A725AB5C5A00373A85 /* Release */,
			);
			defaultConfigurationIsVisible = 0;
			defaultConfigurationName = Release;
		};
		273C84A825AB5C5A00373A85 /* Build configuration list for PBXNativeTarget "Forms" */ = {
			isa = XCConfigurationList;
			buildConfigurations = (
				273C84A925AB5C5A00373A85 /* Debug */,
				273C84AA25AB5C5A00373A85 /* Release */,
			);
			defaultConfigurationIsVisible = 0;
			defaultConfigurationName = Release;
		};
		273C84AB25AB5C5A00373A85 /* Build configuration list for PBXNativeTarget "FormsTests" */ = {
			isa = XCConfigurationList;
			buildConfigurations = (
				273C84AC25AB5C5A00373A85 /* Debug */,
				273C84AD25AB5C5A00373A85 /* Release */,
			);
			defaultConfigurationIsVisible = 0;
			defaultConfigurationName = Release;
		};
/* End XCConfigurationList section */

/* Begin XCRemoteSwiftPackageReference section */
		276B021425AB614800D67A7D /* XCRemoteSwiftPackageReference "elements" */ = {
			isa = XCRemoteSwiftPackageReference;
			repositoryURL = "https://github.com/achimk/elements";
			requirement = {
				branch = main;
				kind = branch;
			};
		};
/* End XCRemoteSwiftPackageReference section */

/* Begin XCSwiftPackageProductDependency section */
		276B021525AB614800D67A7D /* Elements */ = {
			isa = XCSwiftPackageProductDependency;
			package = 276B021425AB614800D67A7D /* XCRemoteSwiftPackageReference "elements" */;
			productName = Elements;
		};
/* End XCSwiftPackageProductDependency section */
	};
	rootObject = 273C848B25AB5C5A00373A85 /* Project object */;
}
